{
  "name": "BabylonNative",
  "version": "0.0.1",
  "lockfileVersion": 3,
  "requires": true,
  "packages": {
    "": {
      "name": "BabylonNative",
      "version": "0.0.1",
      "workspaces": [
        "UnitTests/JavaScript"
      ],
      "dependencies": {
        "babylonjs": "^9.3.4",
        "babylonjs-gltf2interface": "^9.3.4",
        "babylonjs-gui": "^9.3.4",
        "babylonjs-loaders": "^9.3.4",
        "babylonjs-materials": "^9.3.4",
        "babylonjs-serializers": "^9.3.4",
        "jsc-android": "^241213.1.0",
        "v8-android": "^7.8.2"
      }
    },
    "node_modules/babylonjs": {
      "version": "9.9.1",
      "resolved": "https://registry.npmjs.org/babylonjs/-/babylonjs-9.9.1.tgz",
      "integrity": "sha512-zMH8r0l/il9PJhy2+uS+/EyeLBy/ElZg0lKLj2d+ZrUarOanjMISaACw0HUx7C1EgYoXUFSMQLYcpXguleh8GA==",
      "hasInstallScript": true,
      "license": "Apache-2.0"
    },
    "node_modules/babylonjs-gltf2interface": {
      "version": "9.9.1",
      "resolved": "https://registry.npmjs.org/babylonjs-gltf2interface/-/babylonjs-gltf2interface-9.9.1.tgz",
      "integrity": "sha512-qHE7pASEWbRORU+NEPSSL9fyVh6gBNqC1ugV94YL9Dz0HnLcH8YNcxdi6Pf+oXgFHRrXWZiJATn37HynsF7/0g==",
      "license": "Apache-2.0"
    },
    "node_modules/babylonjs-gui": {
      "version": "9.9.1",
      "resolved": "https://registry.npmjs.org/babylonjs-gui/-/babylonjs-gui-9.9.1.tgz",
      "integrity": "sha512-w6HSvuHSqLYUOuxvko+gkjAQMvatf7gnOPufLRslm+P4tC+5KMEd0hyC+1vHCJuQmZXXkoc/GnozzFeaqllHZw==",
      "license": "Apache-2.0",
      "dependencies": {
        "babylonjs": "9.9.1"
      }
    },
    "node_modules/babylonjs-loaders": {
      "version": "9.9.1",
      "resolved": "https://registry.npmjs.org/babylonjs-loaders/-/babylonjs-loaders-9.9.1.tgz",
      "integrity": "sha512-bFSe4TQTi7aA7RsWmuZHQLX4mBMoza5D+AFRD2tVrizGyGCfQJALKnKze7Z3OetFyeo72838GXJAXmyiOWcxAA==",
      "license": "Apache-2.0",
      "dependencies": {
        "babylonjs": "9.9.1",
        "babylonjs-gltf2interface": "9.9.1"
      }
    },
    "node_modules/babylonjs-materials": {
      "version": "9.9.1",
      "resolved": "https://registry.npmjs.org/babylonjs-materials/-/babylonjs-materials-9.9.1.tgz",
      "integrity": "sha512-2ai5hk59dzHRUN28/5/Nijknn+IungSuoBsrHrNZE2T/yIT+/T/IrU0ebm53nRYliv6NG0IaxSCfnh6euZUj7A==",
      "license": "Apache-2.0",
      "dependencies": {
        "babylonjs": "9.9.1"
      }
    },
    "node_modules/babylonjs-serializers": {
      "version": "9.9.1",
      "resolved": "https://registry.npmjs.org/babylonjs-serializers/-/babylonjs-serializers-9.9.1.tgz",
      "integrity": "sha512-nZJPplzHprwJhp4JVLgB3dEpJR2HvEElPIDvOoAFf1IcaKwcDja2tZTGXIbARdWlTX547pN0qN/vEd6dYLrnDA==",
      "license": "Apache-2.0",
      "dependencies": {
        "babylonjs": "9.9.1",
        "babylonjs-gltf2interface": "9.9.1"
      }
    },
    "node_modules/jsc-android": {
      "version": "241213.2.0",
      "resolved": "https://registry.npmjs.org/jsc-android/-/jsc-android-241213.2.0.tgz",
      "integrity": "sha512-nfddejB9jxFSG+Uewf+zwATFi8F2CZEEgoHLoOj13egiBDoC7zMoxK1c5/Ycf3AGmGuwCgjpn3LWe0f4tKYbjw==",
      "license": "BSD-2-Clause"
    },
    "node_modules/v8-android": {
      "version": "7.8.2",
      "resolved": "https://registry.npmjs.org/v8-android/-/v8-android-7.8.2.tgz",
      "integrity": "sha512-LZLtehBxj4rLgf3+gWs3ITTmnVvlD3KQubLzFmtdI+l3G9tbi8ckWm6tJv7KQXZu3L/ok5M2bZz1AGnofPiMfQ==",
      "license": "BSD-2-Clause"
    },
    "UnitTests/JavaScript": {
      "name": "UnitTests",
      "version": "0.0.1",
      "extraneous": true,
      "dependencies": {
        "babylonjs": "^9.3.4",
        "babylonjs-materials": "^9.3.4",
        "chai": "^5.2.0",
        "jsc-android": "^241213.1.0",
        "mocha": "^11.1.0",
        "v8-android": "^7.8.2"
      },
      "devDependencies": {
        "@babel/cli": "7.27.0",
        "@babel/core": "^7.28.0",
        "@babel/plugin-proposal-class-properties": "^7.18.6",
        "@babel/plugin-proposal-decorators": "^7.28.0",
        "@babel/plugin-proposal-nullish-coalescing-operator": "^7.18.6",
        "@babel/plugin-proposal-object-rest-spread": "^7.20.7",
        "@babel/plugin-proposal-optional-chaining": "^7.21.0",
        "@babel/plugin-transform-runtime": "^7.28.0",
        "@babel/preset-env": "^7.28.0",
        "@babel/preset-react": "^7.27.1",
        "@babel/preset-typescript": "^7.27.1",
        "@babel/runtime": "^7.28.2",
        "@babylonjs/core": "^9.3.4",
        "@babylonjs/materials": "^9.3.4",
        "babel-loader": "^10.0.0",
        "buffer": "^6.0.3",
        "core-js": "^3.45.0",
        "process": "^0.11.10",
        "stream-browserify": "^3.0.0",
        "typescript": "^5.9.2",
        "util": "^0.12.5",
        "webpack": "^5.101.0",
        "webpack-cli": "^6.0.1"
      }
    }
  }
}
